// !$*UTF8*$!
{
	archiveVersion = 1;
	classes = {
	};
	objectVersion = 90;
	objects = {

/* Begin PBXBuildFile section */
		09858FBA2E177FD30062F295 /* WidgetKit.framework in Frameworks */ = {isa = PBXBuildFile; fileRef = 09858FB92E177FD30062F295 /* WidgetKit.framework */; };
		09858FBC2E177FD30062F295 /* SwiftUI.framework in Frameworks */ = {isa = PBXBuildFile; fileRef = 09858FBB2E177FD30062F295 /* SwiftUI.framework */; };
		09858FCD2E177FD50062F295 /* PrayerWidgetExtension.appex in Embed Foundation Extensions */ = {isa = PBXBuildFile; fileRef = 09858FB72E177FD30062F295 /* PrayerWidgetExtension.appex */; settings = {ATTRIBUTES = (RemoveHeadersOnCopy, ); }; };
/* End PBXBuildFile section */

/* Begin PBXContainerItemProxy section */
		09858FCB2E177FD50062F295 /* PBXContainerItemProxy */ = {
			isa = PBXContainerItemProxy;
			containerPortal = 090099142E10474300690554 /* Project object */;
			proxyType = 1;
			remoteGlobalIDString = 09858FB62E177FD30062F295;
			remoteInfo = PrayerWidgetExtension;
		};
/* End PBXContainerItemProxy section */

/* Begin PBXCopyFilesBuildPhase section */
		09858FD22E177FD50062F295 /* Embed Foundation Extensions */ = {
			isa = PBXCopyFilesBuildPhase;
			dstPath = "";
			dstSubfolder = PlugIns;
			files = (
				09858FCD2E177FD50062F295 /* PrayerWidgetExtension.appex in Embed Foundation Extensions */,
			);
			name = "Embed Foundation Extensions";
		};
/* End PBXCopyFilesBuildPhase section */

/* Begin PBXFileReference section */
		0900991C2E10474300690554 /* PrayAnswer.app */ = {isa = PBXFileReference; explicitFileType = wrapper.application; includeInIndex = 0; path = PrayAnswer.app; sourceTree = BUILT_PRODUCTS_DIR; };
		09858FB72E177FD30062F295 /* PrayerWidgetExtension.appex */ = {isa = PBXFileReference; explicitFileType = "wrapper.app-extension"; includeInIndex = 0; path = PrayerWidgetExtension.appex; sourceTree = BUILT_PRODUCTS_DIR; };
		09858FB92E177FD30062F295 /* WidgetKit.framework */ = {isa = PBXFileReference; lastKnownFileType = wrapper.framework; name = WidgetKit.framework; path = System/Library/Frameworks/WidgetKit.framework; sourceTree = SDKROOT; };
		09858FBB2E177FD30062F295 /* SwiftUI.framework */ = {isa = PBXFileReference; lastKnownFileType = wrapper.framework; name = SwiftUI.framework; path = System/Library/Frameworks/SwiftUI.framework; sourceTree = SDKROOT; };
/* End PBXFileReference section */

/* Begin PBXFileSystemSynchronizedBuildFileExceptionSet section */
		09858FCE2E177FD50062F295 /* Exceptions for "PrayerWidget" folder in "PrayerWidgetExtension" target */ = {
			isa = PBXFileSystemSynchronizedBuildFileExceptionSet;
			membershipExceptions = (
				Info.plist,
			);
			target = 09858FB62E177FD30062F295 /* PrayerWidgetExtension */;
		};
		09858FD72E1AB8F30062F295 /* Exceptions for "PrayAnswer" folder in "PrayerWidgetExtension" target */ = {
			isa = PBXFileSystemSynchronizedBuildFileExceptionSet;
			membershipExceptions = (
				DesignSystem.swift,
				Models/Attachment.swift,
				Models/NotificationSettings.swift,
				Models/Prayer.swift,
				Utils/LocalizationKeys.swift,
				Utils/Logger.swift,
				Utils/WidgetDataManager.swift,
			);
			target = 09858FB62E177FD30062F295 /* PrayerWidgetExtension */;
		};
		09A4525F2F289D9C001A2D7D /* Exceptions for "PrayAnswer" folder in "PrayAnswer" target */ = {
			isa = PBXFileSystemSynchronizedBuildFileExceptionSet;
			membershipExceptions = (
				Info.plist,
			);
			target = 0900991B2E10474300690554 /* PrayAnswer */;
		};
/* End PBXFileSystemSynchronizedBuildFileExceptionSet section */

/* Begin PBXFileSystemSynchronizedRootGroup section */
		0900991E2E10474300690554 /* PrayAnswer */ = {
			isa = PBXFileSystemSynchronizedRootGroup;
			exceptions = (
				09A4525F2F289D9C001A2D7D /* Exceptions for "PrayAnswer" folder in "PrayAnswer" target */,
				09858FD72E1AB8F30062F295 /* Exceptions for "PrayAnswer" folder in "PrayerWidgetExtension" target */,
			);
			path = PrayAnswer;
			sourceTree = "<group>";
		};
		09858FBD2E177FD30062F295 /* PrayerWidget */ = {
			isa = PBXFileSystemSynchronizedRootGroup;
			exceptions = (
				09858FCE2E177FD50062F295 /* Exceptions for "PrayerWidget" folder in "PrayerWidgetExtension" target */,
			);
			path = PrayerWidget;
			sourceTree = "<group>";
		};
/* End PBXFileSystemSynchronizedRootGroup section */

/* Begin PBXFrameworksBuildPhase section */
		090099192E10474300690554 /* Frameworks */ = {
			isa = PBXFrameworksBuildPhase;
			files = (
			);
		};
		09858FB42E177FD30062F295 /* Frameworks */ = {
			isa = PBXFrameworksBuildPhase;
			files = (
				09858FBC2E177FD30062F295 /* SwiftUI.framework in Frameworks */,
				09858FBA2E177FD30062F295 /* WidgetKit.framework in Frameworks */,
			);
		};
/* End PBXFrameworksBuildPhase section */

/* Begin PBXGroup section */
		090099132E10474300690554 = {
			isa = PBXGroup;
			children = (
				0900991E2E10474300690554 /* PrayAnswer */,
				09858FBD2E177FD30062F295 /* PrayerWidget */,
				09858FB82E177FD30062F295 /* Frameworks */,
				0900991D2E10474300690554 /* Products */,
			);
			sourceTree = "<group>";
		};
		0900991D2E10474300690554 /* Products */ = {
			isa = PBXGroup;
			children = (
				0900991C2E10474300690554 /* PrayAnswer.app */,
				09858FB72E177FD30062F295 /* PrayerWidgetExtension.appex */,
			);
			name = Products;
			sourceTree = "<group>";
		};
		09858FB82E177FD30062F295 /* Frameworks */ = {
			isa = PBXGroup;
			children = (
				09858FB92E177FD30062F295 /* WidgetKit.framework */,
				09858FBB2E177FD30062F295 /* SwiftUI.framework */,
			);
			name = Frameworks;
			sourceTree = "<group>";
		};
/* End PBXGroup section */

/* Begin PBXNativeTarget section */
		0900991B2E10474300690554 /* PrayAnswer */ = {
			isa = PBXNativeTarget;
			buildConfigurationList = 090099272E10474500690554 /* Build configuration list for PBXNativeTarget "PrayAnswer" */;
			buildPhases = (
				090099182E10474300690554 /* Sources */,
				090099192E10474300690554 /* Frameworks */,
				0900991A2E10474300690554 /* Resources */,
				09858FD22E177FD50062F295 /* Embed Foundation Extensions */,
			);
			buildRules = (
			);
			dependencies = (
				09858FCC2E177FD50062F295 /* PBXTargetDependency */,
			);
			fileSystemSynchronizedGroups = (
				0900991E2E10474300690554 /* PrayAnswer */,
			);
			name = PrayAnswer;
			productName = PrayAnswer;
			productReference = 0900991C2E10474300690554 /* PrayAnswer.app */;
			productType = "com.apple.product-type.application";
		};
		09858FB62E177FD30062F295 /* PrayerWidgetExtension */ = {
			isa = PBXNativeTarget;
			buildConfigurationList = 09858FCF2E177FD50062F295 /* Build configuration list for PBXNativeTarget "PrayerWidgetExtension" */;
			buildPhases = (
				09858FB32E177FD30062F295 /* Sources */,
				09858FB42E177FD30062F295 /* Frameworks */,
				09858FB52E177FD30062F295 /* Resources */,
			);
			buildRules = (
			);
			fileSystemSynchronizedGroups = (
				09858FBD2E177FD30062F295 /* PrayerWidget */,
			);
			name = PrayerWidgetExtension;
			productName = PrayerWidgetExtension;
			productReference = 09858FB72E177FD30062F295 /* PrayerWidgetExtension.appex */;
			productType = "com.apple.product-type.app-extension";
		};
/* End PBXNativeTarget section */

/* Begin PBXProject section */
		090099142E10474300690554 /* Project object */ = {
			isa = PBXProject;
			attributes = {
				BuildIndependentTargetsInParallel = 1;
				LastSwiftUpdateCheck = 1640;
				LastUpgradeCheck = 1640;
				TargetAttributes = {
					0900991B2E10474300690554 = {
						CreatedOnToolsVersion = 16.4;
					};
					09858FB62E177FD30062F295 = {
						CreatedOnToolsVersion = 16.4;
					};
				};
			};
			buildConfigurationList = 090099172E10474300690554 /* Build configuration list for PBXProject "PrayAnswer" */;
			developmentRegion = en;
			hasScannedForEncodings = 0;
			knownRegions = (
				en,
				Base,
				ko,
				es,
			);
			mainGroup = 090099132E10474300690554;
			minimizedProjectReferenceProxies = 1;
			preferredProjectObjectVersion = 90;
			productRefGroup = 0900991D2E10474300690554 /* Products */;
			projectDirPath = "";
			projectRoot = "";
			targets = (
				0900991B2E10474300690554 /* PrayAnswer */,
				09858FB62E177FD30062F295 /* PrayerWidgetExtension */,
			);
		};
/* End PBXProject section */

/* Begin PBXResourcesBuildPhase section */
		0900991A2E10474300690554 /* Resources */ = {
			isa = PBXResourcesBuildPhase;
			files = (
			);
		};
		09858FB52E177FD30062F295 /* Resources */ = {
			isa = PBXResourcesBuildPhase;
			files = (
			);
		};
/* End PBXResourcesBuildPhase section */

/* Begin PBXSourcesBuildPhase section */
		090099182E10474300690554 /* Sources */ = {
			isa = PBXSourcesBuildPhase;
			files = (
			);
		};
		09858FB32E177FD30062F295 /* Sources */ = {
			isa = PBXSourcesBuildPhase;
			files = (
			);
		};
/* End PBXSourcesBuildPhase section */

/* Begin PBXTargetDependency section */
		09858FCC2E177FD50062F295 /* PBXTargetDependency */ = {
			isa = PBXTargetDependency;
			target = 09858FB62E177FD30062F295 /* PrayerWidgetExtension */;
			targetProxy = 09858FCB2E177FD50062F295 /* PBXContainerItemProxy */;
		};
/* End PBXTargetDependency section */

/* Begin XCBuildConfiguration section */
		090099252E10474500690554 /* Debug configuration for PBXProject "PrayAnswer" */ = {
			isa = XCBuildConfiguration;
			buildSettings = {
				ALWAYS_SEARCH_USER_PATHS = NO;
				ASSETCATALOG_COMPILER_GENERATE_SWIFT_ASSET_SYMBOL_EXTENSIONS = YES;
				CLANG_ANALYZER_NONNULL = YES;
				CLANG_ANALYZER_NUMBER_OBJECT_CONVERSION = YES_AGGRESSIVE;
				CLANG_CXX_LANGUAGE_STANDARD = "gnu++20";
				CLANG_ENABLE_MODULES = YES;
				CLANG_ENABLE_OBJC_ARC = YES;
				CLANG_ENABLE_OBJC_WEAK = YES;
				CLANG_WARN_BLOCK_CAPTURE_AUTORELEASING = YES;
				CLANG_WARN_BOOL_CONVERSION = YES;
				CLANG_WARN_COMMA = YES;
				CLANG_WARN_CONSTANT_CONVERSION = YES;
				CLANG_WARN_DEPRECATED_OBJC_IMPLEMENTATIONS = YES;
				CLANG_WARN_DIRECT_OBJC_ISA_USAGE = YES_ERROR;
				CLANG_WARN_DOCUMENTATION_COMMENTS = YES;
				CLANG_WARN_EMPTY_BODY = YES;
				CLANG_WARN_ENUM_CONVERSION = YES;
				CLANG_WARN_INFINITE_RECURSION = YES;
				CLANG_WARN_INT_CONVERSION = YES;
				CLANG_WARN_NON_LITERAL_NULL_CONVERSION = YES;
				CLANG_WARN_OBJC_IMPLICIT_RETAIN_SELF = YES;
				CLANG_WARN_OBJC_LITERAL_CONVERSION = YES;
				CLANG_WARN_OBJC_ROOT_CLASS = YES_ERROR;
				CLANG_WARN_QUOTED_INCLUDE_IN_FRAMEWORK_HEADER = YES;
				CLANG_WARN_RANGE_LOOP_ANALYSIS = YES;
				CLANG_WARN_STRICT_PROTOTYPES = YES;
				CLANG_WARN_SUSPICIOUS_MOVE = YES;
				CLANG_WARN_UNGUARDED_AVAILABILITY = YES_AGGRESSIVE;
				CLANG_WARN_UNREACHABLE_CODE = YES;
				CLANG_WARN__DUPLICATE_METHOD_MATCH = YES;
				COPY_PHASE_STRIP = NO;
				DEBUG_INFORMATION_FORMAT = dwarf;
				ENABLE_STRICT_OBJC_MSGSEND = YES;
				ENABLE_TESTABILITY = YES;
				ENABLE_USER_SCRIPT_SANDBOXING = YES;
				GCC_C_LANGUAGE_STANDARD = gnu17;
				GCC_DYNAMIC_NO_PIC = NO;
				GCC_NO_COMMON_BLOCKS = YES;
				GCC_OPTIMIZATION_LEVEL = 0;
				GCC_PREPROCESSOR_DEFINITIONS = (
					"DEBUG=1",
					"$(inherited)",
				);
				GCC_WARN_64_TO_32_BIT_CONVERSION = YES;
				GCC_WARN_ABOUT_RETURN_TYPE = YES_ERROR;
				GCC_WARN_UNDECLARED_SELECTOR = YES;
				GCC_WARN_UNINITIALIZED_AUTOS = YES_AGGRESSIVE;
				GCC_WARN_UNUSED_FUNCTION = YES;
				GCC_WARN_UNUSED_VARIABLE = YES;
				IPHONEOS_DEPLOYMENT_TARGET = 26.0;
				LOCALIZATION_PREFERS_STRING_CATALOGS = YES;
				MTL_ENABLE_DEBUG_INFO = INCLUDE_SOURCE;
				MTL_FAST_MATH = YES;
				ONLY_ACTIVE_ARCH = YES;
				SDKROOT = iphoneos;
				SWIFT_ACTIVE_COMPILATION_CONDITIONS = "DEBUG $(inherited)";
				SWIFT_OPTIMIZATION_LEVEL = "-Onone";
			};
			name = Debug;
		};
		090099262E10474500690554 /* Release configuration for PBXProject "PrayAnswer" */ = {
			isa = XCBuildConfiguration;
			buildSettings = {
				ALWAYS_SEARCH_USER_PATHS = NO;
				ASSETCATALOG_COMPILER_GENERATE_SWIFT_ASSET_SYMBOL_EXTENSIONS = YES;
				CLANG_ANALYZER_NONNULL = YES;
				CLANG_ANALYZER_NUMBER_OBJECT_CONVERSION = YES_AGGRESSIVE;
				CLANG_CXX_LANGUAGE_STANDARD = "gnu++20";
				CLANG_ENABLE_MODULES = YES;
				CLANG_ENABLE_OBJC_ARC = YES;
				CLANG_ENABLE_OBJC_WEAK = YES;
				CLANG_WARN_BLOCK_CAPTURE_AUTORELEASING = YES;
				CLANG_WARN_BOOL_CONVERSION = YES;
				CLANG_WARN_COMMA = YES;
				CLANG_WARN_CONSTANT_CONVERSION = YES;
				CLANG_WARN_DEPRECATED_OBJC_IMPLEMENTATIONS = YES;
				CLANG_WARN_DIRECT_OBJC_ISA_USAGE = YES_ERROR;
				CLANG_WARN_DOCUMENTATION_COMMENTS = YES;
				CLANG_WARN_EMPTY_BODY = YES;
				CLANG_WARN_ENUM_CONVERSION = YES;
				CLANG_WARN_INFINITE_RECURSION = YES;
				CLANG_WARN_INT_CONVERSION = YES;
				CLANG_WARN_NON_LITERAL_NULL_CONVERSION = YES;
				CLANG_WARN_OBJC_IMPLICIT_RETAIN_SELF = YES;
				CLANG_WARN_OBJC_LITERAL_CONVERSION = YES;
				CLANG_WARN_OBJC_ROOT_CLASS = YES_ERROR;
				CLANG_WARN_QUOTED_INCLUDE_IN_FRAMEWORK_HEADER = YES;
				CLANG_WARN_RANGE_LOOP_ANALYSIS = YES;
				CLANG_WARN_STRICT_PROTOTYPES = YES;
				CLANG_WARN_SUSPICIOUS_MOVE = YES;
				CLANG_WARN_UNGUARDED_AVAILABILITY = YES_AGGRESSIVE;
				CLANG_WARN_UNREACHABLE_CODE = YES;
				CLANG_WARN__DUPLICATE_METHOD_MATCH = YES;
				COPY_PHASE_STRIP = NO;
				DEBUG_INFORMATION_FORMAT = "dwarf-with-dsym";
				ENABLE_NS_ASSERTIONS = NO;
				ENABLE_STRICT_OBJC_MSGSEND = YES;
				ENABLE_USER_SCRIPT_SANDBOXING = YES;
				GCC_C_LANGUAGE_STANDARD = gnu17;
				GCC_NO_COMMON_BLOCKS = YES;
				GCC_WARN_64_TO_32_BIT_CONVERSION = YES;
				GCC_WARN_ABOUT_RETURN_TYPE = YES_ERROR;
				GCC_WARN_UNDECLARED_SELECTOR = YES;
				GCC_WARN_UNINITIALIZED_AUTOS = YES_AGGRESSIVE;
				GCC_WARN_UNUSED_FUNCTION = YES;
				GCC_WARN_UNUSED_VARIABLE = YES;
				IPHONEOS_DEPLOYMENT_TARGET = 26.0;
				LOCALIZATION_PREFERS_STRING_CATALOGS = YES;
				MTL_ENABLE_DEBUG_INFO = NO;
				MTL_FAST_MATH = YES;
				SDKROOT = iphoneos;
				SWIFT_COMPILATION_MODE = wholemodule;
				VALIDATE_PRODUCT = YES;
			};
			name = Release;
		};
		090099282E10474500690554 /* Debug configuration for PBXNativeTarget "PrayAnswer" */ = {
			isa = XCBuildConfiguration;
			buildSettings = {
				ASSETCATALOG_COMPILER_APPICON_NAME = AppIcon;
				ASSETCATALOG_COMPILER_GLOBAL_ACCENT_COLOR_NAME = AccentColor;
				CODE_SIGN_ENTITLEMENTS = PrayAnswer/PrayAnswer.entitlements;
				CODE_SIGN_STYLE = Automatic;
				CURRENT_PROJECT_VERSION = 1;
				DEVELOPMENT_TEAM = 36CPZWS26C;
				ENABLE_APP_SANDBOX = YES;
				ENABLE_HARDENED_RUNTIME = YES;
				ENABLE_OUTGOING_NETWORK_CONNECTIONS = YES;
				ENABLE_PREVIEWS = YES;
				ENABLE_RESOURCE_ACCESS_AUDIO_INPUT = YES;
				GENERATE_INFOPLIST_FILE = YES;
				INFOPLIST_FILE = PrayAnswer/Info.plist;
				INFOPLIST_KEY_CFBundleDisplayName = Pray;
				INFOPLIST_KEY_LSApplicationCategoryType = "public.app-category.lifestyle";
				INFOPLIST_KEY_NSCalendarsFullAccessUsageDescription = "D-Day를 캘린더에 추가하여 일정을 관리할 수 있습니다.";
				INFOPLIST_KEY_NSMicrophoneUsageDescription = "음성으로 기도 내용을 입력할 수 있습니다.";
				INFOPLIST_KEY_NSSpeechRecognitionUsageDescription = "음성을 텍스트로 변환하여 기도문을 작성할 수 있습니다.";
				INFOPLIST_KEY_UIApplicationSceneManifest_Generation = YES;
				INFOPLIST_KEY_UIApplicationSupportsIndirectInputEvents = YES;
				INFOPLIST_KEY_UILaunchScreen_Generation = YES;
				INFOPLIST_KEY_UISupportedInterfaceOrientations_iPad = "UIInterfaceOrientationPortrait UIInterfaceOrientationPortraitUpsideDown UIInterfaceOrientationLandscapeLeft UIInterfaceOrientationLandscapeRight";
				INFOPLIST_KEY_UISupportedInterfaceOrientations_iPhone = "UIInterfaceOrientationPortrait UIInterfaceOrientationLandscapeLeft UIInterfaceOrientationLandscapeRight";
				IPHONEOS_DEPLOYMENT_TARGET = 26.0;
				LD_RUNPATH_SEARCH_PATHS = (
					"$(inherited)",
					"@executable_path/Frameworks",
				);
				MARKETING_VERSION = 1.7;
				PRODUCT_BUNDLE_IDENTIFIER = com.restart.PrayAnswer;
				PRODUCT_NAME = "$(TARGET_NAME)";
				REGISTER_APP_GROUPS = YES;
				SUPPORTED_PLATFORMS = "iphoneos iphonesimulator";
				SUPPORTS_MACCATALYST = NO;
				SUPPORTS_MAC_DESIGNED_FOR_IPHONE_IPAD = YES;
				SUPPORTS_XR_DESIGNED_FOR_IPHONE_IPAD = NO;
				SWIFT_EMIT_LOC_STRINGS = YES;
				SWIFT_VERSION = 5.0;
				TARGETED_DEVICE_FAMILY = "1,2";
			};
			name = Debug;
		};
		090099292E10474500690554 /* Release configuration for PBXNativeTarget "PrayAnswer" */ = {
			isa = XCBuildConfiguration;
			buildSettings = {
				ASSETCATALOG_COMPILER_APPICON_NAME = AppIcon;
				ASSETCATALOG_COMPILER_GLOBAL_ACCENT_COLOR_NAME = AccentColor;
				CODE_SIGN_ENTITLEMENTS = PrayAnswer/PrayAnswer.entitlements;
				CODE_SIGN_STYLE = Automatic;
				CURRENT_PROJECT_VERSION = 1;
				DEVELOPMENT_TEAM = 36CPZWS26C;
				ENABLE_APP_SANDBOX = YES;
				ENABLE_HARDENED_RUNTIME = YES;
				ENABLE_OUTGOING_NETWORK_CONNECTIONS = YES;
				ENABLE_PREVIEWS = YES;
				ENABLE_RESOURCE_ACCESS_AUDIO_INPUT = YES;
				GENERATE_INFOPLIST_FILE = YES;
				INFOPLIST_FILE = PrayAnswer/Info.plist;
				INFOPLIST_KEY_CFBundleDisplayName = Pray;
				INFOPLIST_KEY_LSApplicationCategoryType = "public.app-category.lifestyle";
				INFOPLIST_KEY_NSCalendarsFullAccessUsageDescription = "D-Day를 캘린더에 추가하여 일정을 관리할 수 있습니다.";
				INFOPLIST_KEY_NSMicrophoneUsageDescription = "음성으로 기도 내용을 입력할 수 있습니다.";
				INFOPLIST_KEY_NSSpeechRecognitionUsageDescription = "음성을 텍스트로 변환하여 기도문을 작성할 수 있습니다.";
				INFOPLIST_KEY_UIApplicationSceneManifest_Generation = YES;
				INFOPLIST_KEY_UIApplicationSupportsIndirectInputEvents = YES;
				INFOPLIST_KEY_UILaunchScreen_Generation = YES;
				INFOPLIST_KEY_UISupportedInterfaceOrientations_iPad = "UIInterfaceOrientationPortrait UIInterfaceOrientationPortraitUpsideDown UIInterfaceOrientationLandscapeLeft UIInterfaceOrientationLandscapeRight";
				INFOPLIST_KEY_UISupportedInterfaceOrientations_iPhone = "UIInterfaceOrientationPortrait UIInterfaceOrientationLandscapeLeft UIInterfaceOrientationLandscapeRight";
				IPHONEOS_DEPLOYMENT_TARGET = 26.0;
				LD_RUNPATH_SEARCH_PATHS = (
					"$(inherited)",
					"@executable_path/Frameworks",
				);
				MARKETING_VERSION = 1.7;
				PRODUCT_BUNDLE_IDENTIFIER = com.restart.PrayAnswer;
				PRODUCT_NAME = "$(TARGET_NAME)";
				REGISTER_APP_GROUPS = YES;
				SUPPORTED_PLATFORMS = "iphoneos iphonesimulator";
				SUPPORTS_MACCATALYST = NO;
				SUPPORTS_MAC_DESIGNED_FOR_IPHONE_IPAD = YES;
				SUPPORTS_XR_DESIGNED_FOR_IPHONE_IPAD = NO;
				SWIFT_EMIT_LOC_STRINGS = YES;
				SWIFT_VERSION = 5.0;
				TARGETED_DEVICE_FAMILY = "1,2";
			};
			name = Release;
		};
		09858FD02E177FD50062F295 /* Debug configuration for PBXNativeTarget "PrayerWidgetExtension" */ = {
			isa = XCBuildConfiguration;
			buildSettings = {
				ASSETCATALOG_COMPILER_GLOBAL_ACCENT_COLOR_NAME = AccentColor;
				ASSETCATALOG_COMPILER_WIDGET_BACKGROUND_COLOR_NAME = WidgetBackground;
				CODE_SIGN_ENTITLEMENTS = PrayerWidget/PrayerWidget.entitlements;
				CODE_SIGN_STYLE = Automatic;
				CURRENT_PROJECT_VERSION = 1;
				DEVELOPMENT_TEAM = 36CPZWS26C;
				GENERATE_INFOPLIST_FILE = YES;
				INFOPLIST_FILE = PrayerWidget/Info.plist;
				INFOPLIST_KEY_CFBundleDisplayName = PrayerWidget;
				INFOPLIST_KEY_NSHumanReadableCopyright = "";
				LD_RUNPATH_SEARCH_PATHS = (
					"$(inherited)",
					"@executable_path/Frameworks",
					"@executable_path/../../Frameworks",
				);
				MARKETING_VERSION = 1.7;
				PRODUCT_BUNDLE_IDENTIFIER = com.restart.PrayAnswer.PrayerWidget;
				PRODUCT_NAME = "$(TARGET_NAME)";
				SKIP_INSTALL = YES;
				SWIFT_ACTIVE_COMPILATION_CONDITIONS = "$(inherited) WIDGET_EXTENSION";
				SWIFT_EMIT_LOC_STRINGS = YES;
				SWIFT_VERSION = 5.0;
				TARGETED_DEVICE_FAMILY = "1,2";
			};
			name = Debug;
		};
		09858FD12E177FD50062F295 /* Release configuration for PBXNativeTarget "PrayerWidgetExtension" */ = {
			isa = XCBuildConfiguration;
			buildSettings = {
				ASSETCATALOG_COMPILER_GLOBAL_ACCENT_COLOR_NAME = AccentColor;
				ASSETCATALOG_COMPILER_WIDGET_BACKGROUND_COLOR_NAME = WidgetBackground;
				CODE_SIGN_ENTITLEMENTS = PrayerWidget/PrayerWidget.entitlements;
				CODE_SIGN_STYLE = Automatic;
				CURRENT_PROJECT_VERSION = 1;
				DEVELOPMENT_TEAM = 36CPZWS26C;
				GENERATE_INFOPLIST_FILE = YES;
				INFOPLIST_FILE = PrayerWidget/Info.plist;
				INFOPLIST_KEY_CFBundleDisplayName = PrayerWidget;
				INFOPLIST_KEY_NSHumanReadableCopyright = "";
				LD_RUNPATH_SEARCH_PATHS = (
					"$(inherited)",
					"@executable_path/Frameworks",
					"@executable_path/../../Frameworks",
				);
				MARKETING_VERSION = 1.7;
				PRODUCT_BUNDLE_IDENTIFIER = com.restart.PrayAnswer.PrayerWidget;
				PRODUCT_NAME = "$(TARGET_NAME)";
				SKIP_INSTALL = YES;
				SWIFT_ACTIVE_COMPILATION_CONDITIONS = "$(inherited) WIDGET_EXTENSION";
				SWIFT_EMIT_LOC_STRINGS = YES;
				SWIFT_VERSION = 5.0;
				TARGETED_DEVICE_FAMILY = "1,2";
			};
			name = Release;
		};
/* End XCBuildConfiguration section */

/* Begin XCConfigurationList section */
		090099172E10474300690554 /* Build configuration list for PBXProject "PrayAnswer" */ = {
			isa = XCConfigurationList;
			buildConfigurations = (
				090099252E10474500690554 /* Debug configuration for PBXProject "PrayAnswer" */,
				090099262E10474500690554 /* Release configuration for PBXProject "PrayAnswer" */,
			);
			defaultConfigurationName = Release;
		};
		090099272E10474500690554 /* Build configuration list for PBXNativeTarget "PrayAnswer" */ = {
			isa = XCConfigurationList;
			buildConfigurations = (
				090099282E10474500690554 /* Debug configuration for PBXNativeTarget "PrayAnswer" */,
				090099292E10474500690554 /* Release configuration for PBXNativeTarget "PrayAnswer" */,
			);
			defaultConfigurationName = Release;
		};
		09858FCF2E177FD50062F295 /* Build configuration list for PBXNativeTarget "PrayerWidgetExtension" */ = {
			isa = XCConfigurationList;
			buildConfigurations = (
				09858FD02E177FD50062F295 /* Debug configuration for PBXNativeTarget "PrayerWidgetExtension" */,
				09858FD12E177FD50062F295 /* Release configuration for PBXNativeTarget "PrayerWidgetExtension" */,
			);
			defaultConfigurationName = Release;
		};
/* End XCConfigurationList section */
	};
	rootObject = 090099142E10474300690554 /* Project object */;
}
